
Microsoft Visual Studio Solution File, Format Version 12.00
Project("{FAE04EC0-301F-11D3-BF4B-00C04F79EFBC}") = "ClientUI", "ClientUI\ClientUI.csproj", "{A04E4E42-418D-4A9C-9E13-61F574BB08D3}"
EndProject
Project("{FAE04EC0-301F-11D3-BF4B-00C04F79EFBC}") = "Messages", "Messages\Messages.csproj", "{C91514A5-0390-4B6C-8F78-EB70B8F0DEC9}"
EndProject
Project("{FAE04EC0-301F-11D3-BF4B-00C04F79EFBC}") = "Helpers", "Helpers\Helpers.csproj", "{11D7B769-0EA0-4955-8425-1B6004C1738F}"
EndProject
Project("{FAE04EC0-301F-11D3-BF4B-00C04F79EFBC}") = "Sales", "Sales\Sales.csproj", "{A9786194-734C-410C-8E4E-960C0EABC3BF}"
EndProject
Project("{FAE04EC0-301F-11D3-BF4B-00C04F79EFBC}") = "Billing", "Billing\Billing.csproj", "{34DF255D-3E81-4C71-9A4A-9AADFF9A2BAB}"
EndProject
Project("{FAE04EC0-301F-11D3-BF4B-00C04F79EFBC}") = "Shipping", "Shipping\Shipping.csproj", "{CAACAB51-3A3D-493A-A076-E1C80953E73E}"
EndProject
Global
	GlobalSection(SolutionConfigurationPlatforms) = preSolution
		Debug|Any CPU = Debug|Any CPU
		Release|Any CPU = Release|Any CPU
	EndGlobalSection
	GlobalSection(ProjectConfigurationPlatforms) = postSolution
		{A04E4E42-418D-4A9C-9E13-61F574BB08D3}.Debug|Any CPU.ActiveCfg = Debug|Any CPU
		{A04E4E42-418D-4A9C-9E13-61F574BB08D3}.Debug|Any CPU.Build.0 = Debug|Any CPU
		{A04E4E42-418D-4A9C-9E13-61F574BB08D3}.Release|Any CPU.ActiveCfg = Release|Any CPU
		{A04E4E42-418D-4A9C-9E13-61F574BB08D3}.Release|Any CPU.Build.0 = Release|Any CPU
		{C91514A5-0390-4B6C-8F78-EB70B8F0DEC9}.Debug|Any CPU.ActiveCfg = Debug|Any CPU
		{C91514A5-0390-4B6C-8F78-EB70B8F0DEC9}.Debug|Any CPU.Build.0 = Debug|Any CPU
		{C91514A5-0390-4B6C-8F78-EB70B8F0DEC9}.Release|Any CPU.ActiveCfg = Release|Any CPU
		{C91514A5-0390-4B6C-8F78-EB70B8F0DEC9}.Release|Any CPU.Build.0 = Release|Any CPU
		{11D7B769-0EA0-4955-8425-1B6004C1738F}.Debug|Any CPU.ActiveCfg = Debug|Any CPU
		{11D7B769-0EA0-4955-8425-1B6004C1738F}.Debug|Any CPU.Build.0 = Debug|Any CPU
		{11D7B769-0EA0-4955-8425-1B6004C1738F}.Release|Any CPU.ActiveCfg = Release|Any CPU
		{11D7B769-0EA0-4955-8425-1B6004C1738F}.Release|Any CPU.Build.0 = Release|Any CPU
		{A9786194-734C-410C-8E4E-960C0EABC3BF}.Debug|Any CPU.ActiveCfg = Debug|Any CPU
		{A9786194-734C-410C-8E4E-960C0EABC3BF}.Debug|Any CPU.Build.0 = Debug|Any CPU
		{A9786194-734C-410C-8E4E-960C0EABC3BF}.Release|Any CPU.ActiveCfg = Release|Any CPU
		{A9786194-734C-410C-8E4E-960C0EABC3BF}.Release|Any CPU.Build.0 = Release|Any CPU
		{34DF255D-3E81-4C71-9A4A-9AADFF9A2BAB}.Debug|Any CPU.ActiveCfg = Debug|Any CPU
		{34DF255D-3E81-4C71-9A4A-9AADFF9A2BAB}.Debug|Any CPU.Build.0 = Debug|Any CPU
		{34DF255D-3E81-4C71-9A4A-9AADFF9A2BAB}.Release|Any CPU.ActiveCfg = Release|Any CPU
		{34DF255D-3E81-4C71-9A4A-9AADFF9A2BAB}.Release|Any CPU.Build.0 = Release|Any CPU
		{CAACAB51-3A3D-493A-A076-E1C80953E73E}.Debug|Any CPU.ActiveCfg = Debug|Any CPU
		{CAACAB51-3A3D-493A-A076-E1C80953E73E}.Debug|Any CPU.Build.0 = Debug|Any CPU
		{CAACAB51-3A3D-493A-A076-E1C80953E73E}.Release|Any CPU.ActiveCfg = Release|Any CPU
		{CAACAB51-3A3D-493A-A076-E1C80953E73E}.Release|Any CPU.Build.0 = Release|Any CPU
	EndGlobalSection
EndGlobal
